
Microsoft Visual Studio Solution File, Format Version 12.00
# Visual Studio Version 17
VisualStudioVersion = 17.11.35431.28
MinimumVisualStudioVersion = 10.0.40219.1
Project("{2150E333-8FDC-42A3-9474-1A3956D46DE8}") = "Domain", "Domain", "{B14D149A-9EA1-480F-AD3B-9ABEF5BEAC86}"
EndProject
Project("{2150E333-8FDC-42A3-9474-1A3956D46DE8}") = "Infraestructure", "Infraestructure", "{79A8CDB9-4AF7-49ED-9CE4-50A6199483A6}"
EndProject
Project("{2150E333-8FDC-42A3-9474-1A3956D46DE8}") = "Application", "Application", "{40EF516F-41D7-4D71-B4CE-4EED98913D61}"
EndProject
Project("{2150E333-8FDC-42A3-9474-1A3956D46DE8}") = "Tests", "Tests", "{78C10F40-1DC9-4FEE-9284-4995FC8BC3E1}"
EndProject
Project("{9A19103F-16F7-4668-BE54-9A1E7A4F7556}") = "EasyCash.Command", "EasyCash.Command\EasyCash.Command.csproj", "{80779709-7B12-4C3B-8F13-735F9F6F1591}"
EndProject
Project("{9A19103F-16F7-4668-BE54-9A1E7A4F7556}") = "EasyCash.Query", "EasyCash.Query\EasyCash.Query.csproj", "{44168816-EF01-4B69-B0CD-25B970C0BD4D}"
EndProject
Project("{2150E333-8FDC-42A3-9474-1A3956D46DE8}") = "Database", "Database", "{044BE5E9-C290-46FB-AC56-4744C23C92F5}"
EndProject
Project("{9A19103F-16F7-4668-BE54-9A1E7A4F7556}") = "EasyCash.Command.Store", "EasyCash.Command.Store\EasyCash.Command.Store.csproj", "{95A16638-10BE-484D-BC91-8AE6BF97B6CA}"
EndProject
Project("{9A19103F-16F7-4668-BE54-9A1E7A4F7556}") = "EasyCash.Query.Store", "EasyCash.Query.Store\EasyCash.Query.Store.csproj", "{544F21F4-CC23-4182-8A4F-0CDC7C87EBE7}"
EndProject
Project("{2150E333-8FDC-42A3-9474-1A3956D46DE8}") = "Api", "Api", "{CE570519-DE82-432D-B214-EC61CA96607E}"
EndProject
Project("{2150E333-8FDC-42A3-9474-1A3956D46DE8}") = "Integrations", "Integrations", "{FEB8FBA2-AB6C-4C15-9111-8DB4A943F098}"
EndProject
Project("{9A19103F-16F7-4668-BE54-9A1E7A4F7556}") = "EasyCash.Api", "EasyCash.Api\EasyCash.Api.csproj", "{48BE8536-0489-417B-B46D-6C25C5D103D6}"
EndProject
Project("{9A19103F-16F7-4668-BE54-9A1E7A4F7556}") = "EasyCash.Redis.Provider", "EasyCash.Redis.Provider\EasyCash.Redis.Provider.csproj", "{3C1B6313-4D61-471D-8555-F9C3B2AE4F90}"
EndProject
Project("{9A19103F-16F7-4668-BE54-9A1E7A4F7556}") = "EasyCash.Background.Jobs", "EasyCash.Background.Jobs\EasyCash.Background.Jobs.csproj", "{A26C7FA1-9963-44A4-BD46-ABCABB525EEE}"
EndProject
Project("{9A19103F-16F7-4668-BE54-9A1E7A4F7556}") = "EasyCash.Domain", "EasyCash.Domain\EasyCash.Domain.csproj", "{680D3C9B-87A5-4196-BBBE-54EE979B0B1F}"
EndProject
Project("{9A19103F-16F7-4668-BE54-9A1E7A4F7556}") = "EasyCash.Unit.Tests", "EasyCash.Unit.Tests\EasyCash.Unit.Tests.csproj", "{87909CD9-79FB-4F7A-BD50-835AAF74EF51}"
EndProject
Project("{9A19103F-16F7-4668-BE54-9A1E7A4F7556}") = "EasyCash.Integration.Tests", "EasyCash.Integration.Tests\EasyCash.Integration.Tests.csproj", "{BFE8B867-A6AC-441F-87C8-23FADB229E48}"
EndProject
Project("{9A19103F-16F7-4668-BE54-9A1E7A4F7556}") = "EasyCash.HealthCheck.Provider", "EasyCash.HealthCheck.Provider\EasyCash.HealthCheck.Provider.csproj", "{7AB981AB-4E3D-4A7B-933A-E54F2ABD6E20}"
EndProject
Project("{9A19103F-16F7-4668-BE54-9A1E7A4F7556}") = "EasyCash.ArchitectureTests", "EasyCash.ArchitectureTests\EasyCash.ArchitectureTests.csproj", "{90CF1117-1F25-459B-8512-DAC9BDCCC656}"
EndProject
Project("{9A19103F-16F7-4668-BE54-9A1E7A4F7556}") = "EasyCash.Dapper.Provider", "EasyCash.Dapper.Provider\EasyCash.Dapper.Provider.csproj", "{D2002DB3-0B5D-49BE-ABED-43C96E5A5AE6}"
EndProject
Project("{9A19103F-16F7-4668-BE54-9A1E7A4F7556}") = "EasyCash.OpenTelemetry", "EasyCash.OpenTelemetry\EasyCash.OpenTelemetry.csproj", "{57A662A1-73F1-4D23-B50C-E55723687DAA}"
EndProject
Project("{9A19103F-16F7-4668-BE54-9A1E7A4F7556}") = "EasyCash.Keycloak.Identity.Provider", "EasyCash.Keycloak.Identity.Provider\EasyCash.Keycloak.Identity.Provider.csproj", "{46AA3F4B-9DA2-4E8E-97AF-D240F0F71DFA}"
EndProject
Project("{FAE04EC0-301F-11D3-BF4B-00C04F79EFBC}") = "EasyCash.Report.Api", "EasyCash.Report.Api\EasyCash.Report.Api.csproj", "{FD362F60-5B39-42D7-A2D1-78E66265C74A}"
EndProject
Project("{2150E333-8FDC-42A3-9474-1A3956D46DE8}") = "Transactions", "Transactions", "{6D4690EC-9E0C-4C8A-86F9-B6E200DA2164}"
EndProject
Project("{2150E333-8FDC-42A3-9474-1A3956D46DE8}") = "Report", "Report", "{B09E388A-C542-458A-98B0-ABD768A5F8CB}"
EndProject
Project("{2150E333-8FDC-42A3-9474-1A3956D46DE8}") = "Transactions", "Transactions", "{4FB782AE-8815-4F88-B1AB-90A834E6D844}"
EndProject
Project("{2150E333-8FDC-42A3-9474-1A3956D46DE8}") = "Report", "Report", "{6D33C986-7AB3-47E1-B02D-08C4877C4E86}"
EndProject
Project("{2150E333-8FDC-42A3-9474-1A3956D46DE8}") = "Transactions", "Transactions", "{2F3CC816-E07F-4001-A7FF-C30F2554D61A}"
EndProject
Project("{2150E333-8FDC-42A3-9474-1A3956D46DE8}") = "Report", "Report", "{FCD365BE-80E3-4348-A22F-1138841D1AA0}"
EndProject
Project("{FAE04EC0-301F-11D3-BF4B-00C04F79EFBC}") = "EasyCash.Report.Command", "EasyCash.Report.Command\EasyCash.Report.Command.csproj", "{7475D38B-9B5A-4546-A7C0-072E2F4FCA92}"
EndProject
Project("{FAE04EC0-301F-11D3-BF4B-00C04F79EFBC}") = "EasyCash.Report.Query", "EasyCash.Report.Query\EasyCash.Report.Query.csproj", "{593C3D2A-0554-4260-9051-D0006E48046D}"
EndProject
Project("{FAE04EC0-301F-11D3-BF4B-00C04F79EFBC}") = "EasyCash.Report.Domain", "EasyCash.Report.Domain\EasyCash.Report.Domain.csproj", "{6C58507B-78E0-4FF4-A336-3DACC3234A1C}"
EndProject
Project("{FAE04EC0-301F-11D3-BF4B-00C04F79EFBC}") = "EasyCash.Report.Command.Store", "EasyCash.Report.Command.Store\EasyCash.Report.Command.Store.csproj", "{33641490-3A59-4F68-A7FE-B53F12DBAAA0}"
EndProject
Project("{FAE04EC0-301F-11D3-BF4B-00C04F79EFBC}") = "EasyCash.Report.Query.Store", "EasyCash.Report.Query.Store\EasyCash.Report.Query.Store.csproj", "{1FC06435-E880-421A-99EF-B61B37B75C14}"
EndProject
Project("{2150E333-8FDC-42A3-9474-1A3956D46DE8}") = "Abstractions", "Abstractions", "{EA994B2C-80E7-4BD4-B391-E7312D49536A}"
EndProject
Project("{FAE04EC0-301F-11D3-BF4B-00C04F79EFBC}") = "EasyCash.Abstractions", "EasyCash.Abstractions\EasyCash.Abstractions.csproj", "{7BE2ED1C-88D2-4908-9802-40F0D451A1C7}"
EndProject
Project("{FAE04EC0-301F-11D3-BF4B-00C04F79EFBC}") = "EasyCash.Shared", "EasyCash.Shared\EasyCash.Shared.csproj", "{FFD0FF12-E77D-4727-9935-E1218C610F95}"
EndProject
Global
	GlobalSection(SolutionConfigurationPlatforms) = preSolution
		Debug|Any CPU = Debug|Any CPU
		Release|Any CPU = Release|Any CPU
	EndGlobalSection
	GlobalSection(ProjectConfigurationPlatforms) = postSolution
		{80779709-7B12-4C3B-8F13-735F9F6F1591}.Debug|Any CPU.ActiveCfg = Debug|Any CPU
		{80779709-7B12-4C3B-8F13-735F9F6F1591}.Debug|Any CPU.Build.0 = Debug|Any CPU
		{80779709-7B12-4C3B-8F13-735F9F6F1591}.Release|Any CPU.ActiveCfg = Release|Any CPU
		{80779709-7B12-4C3B-8F13-735F9F6F1591}.Release|Any CPU.Build.0 = Release|Any CPU
		{44168816-EF01-4B69-B0CD-25B970C0BD4D}.Debug|Any CPU.ActiveCfg = Debug|Any CPU
		{44168816-EF01-4B69-B0CD-25B970C0BD4D}.Debug|Any CPU.Build.0 = Debug|Any CPU
		{44168816-EF01-4B69-B0CD-25B970C0BD4D}.Release|Any CPU.ActiveCfg = Release|Any CPU
		{44168816-EF01-4B69-B0CD-25B970C0BD4D}.Release|Any CPU.Build.0 = Release|Any CPU
		{95A16638-10BE-484D-BC91-8AE6BF97B6CA}.Debug|Any CPU.ActiveCfg = Debug|Any CPU
		{95A16638-10BE-484D-BC91-8AE6BF97B6CA}.Debug|Any CPU.Build.0 = Debug|Any CPU
		{95A16638-10BE-484D-BC91-8AE6BF97B6CA}.Release|Any CPU.ActiveCfg = Release|Any CPU
		{95A16638-10BE-484D-BC91-8AE6BF97B6CA}.Release|Any CPU.Build.0 = Release|Any CPU
		{544F21F4-CC23-4182-8A4F-0CDC7C87EBE7}.Debug|Any CPU.ActiveCfg = Debug|Any CPU
		{544F21F4-CC23-4182-8A4F-0CDC7C87EBE7}.Debug|Any CPU.Build.0 = Debug|Any CPU
		{544F21F4-CC23-4182-8A4F-0CDC7C87EBE7}.Release|Any CPU.ActiveCfg = Release|Any CPU
		{544F21F4-CC23-4182-8A4F-0CDC7C87EBE7}.Release|Any CPU.Build.0 = Release|Any CPU
		{48BE8536-0489-417B-B46D-6C25C5D103D6}.Debug|Any CPU.ActiveCfg = Debug|Any CPU
		{48BE8536-0489-417B-B46D-6C25C5D103D6}.Debug|Any CPU.Build.0 = Debug|Any CPU
		{48BE8536-0489-417B-B46D-6C25C5D103D6}.Release|Any CPU.ActiveCfg = Release|Any CPU
		{48BE8536-0489-417B-B46D-6C25C5D103D6}.Release|Any CPU.Build.0 = Release|Any CPU
		{3C1B6313-4D61-471D-8555-F9C3B2AE4F90}.Debug|Any CPU.ActiveCfg = Debug|Any CPU
		{3C1B6313-4D61-471D-8555-F9C3B2AE4F90}.Debug|Any CPU.Build.0 = Debug|Any CPU
		{3C1B6313-4D61-471D-8555-F9C3B2AE4F90}.Release|Any CPU.ActiveCfg = Release|Any CPU
		{3C1B6313-4D61-471D-8555-F9C3B2AE4F90}.Release|Any CPU.Build.0 = Release|Any CPU
		{A26C7FA1-9963-44A4-BD46-ABCABB525EEE}.Debug|Any CPU.ActiveCfg = Debug|Any CPU
		{A26C7FA1-9963-44A4-BD46-ABCABB525EEE}.Debug|Any CPU.Build.0 = Debug|Any CPU
		{A26C7FA1-9963-44A4-BD46-ABCABB525EEE}.Release|Any CPU.ActiveCfg = Release|Any CPU
		{A26C7FA1-9963-44A4-BD46-ABCABB525EEE}.Release|Any CPU.Build.0 = Release|Any CPU
		{680D3C9B-87A5-4196-BBBE-54EE979B0B1F}.Debug|Any CPU.ActiveCfg = Debug|Any CPU
		{680D3C9B-87A5-4196-BBBE-54EE979B0B1F}.Debug|Any CPU.Build.0 = Debug|Any CPU
		{680D3C9B-87A5-4196-BBBE-54EE979B0B1F}.Release|Any CPU.ActiveCfg = Release|Any CPU
		{680D3C9B-87A5-4196-BBBE-54EE979B0B1F}.Release|Any CPU.Build.0 = Release|Any CPU
		{87909CD9-79FB-4F7A-BD50-835AAF74EF51}.Debug|Any CPU.ActiveCfg = Debug|Any CPU
		{87909CD9-79FB-4F7A-BD50-835AAF74EF51}.Debug|Any CPU.Build.0 = Debug|Any CPU
		{87909CD9-79FB-4F7A-BD50-835AAF74EF51}.Release|Any CPU.ActiveCfg = Release|Any CPU
		{87909CD9-79FB-4F7A-BD50-835AAF74EF51}.Release|Any CPU.Build.0 = Release|Any CPU
		{BFE8B867-A6AC-441F-87C8-23FADB229E48}.Debug|Any CPU.ActiveCfg = Debug|Any CPU
		{BFE8B867-A6AC-441F-87C8-23FADB229E48}.Debug|Any CPU.Build.0 = Debug|Any CPU
		{BFE8B867-A6AC-441F-87C8-23FADB229E48}.Release|Any CPU.ActiveCfg = Release|Any CPU
		{BFE8B867-A6AC-441F-87C8-23FADB229E48}.Release|Any CPU.Build.0 = Release|Any CPU
		{7AB981AB-4E3D-4A7B-933A-E54F2ABD6E20}.Debug|Any CPU.ActiveCfg = Debug|Any CPU
		{7AB981AB-4E3D-4A7B-933A-E54F2ABD6E20}.Debug|Any CPU.Build.0 = Debug|Any CPU
		{7AB981AB-4E3D-4A7B-933A-E54F2ABD6E20}.Release|Any CPU.ActiveCfg = Release|Any CPU
		{7AB981AB-4E3D-4A7B-933A-E54F2ABD6E20}.Release|Any CPU.Build.0 = Release|Any CPU
		{90CF1117-1F25-459B-8512-DAC9BDCCC656}.Debug|Any CPU.ActiveCfg = Debug|Any CPU
		{90CF1117-1F25-459B-8512-DAC9BDCCC656}.Debug|Any CPU.Build.0 = Debug|Any CPU
		{90CF1117-1F25-459B-8512-DAC9BDCCC656}.Release|Any CPU.ActiveCfg = Release|Any CPU
		{90CF1117-1F25-459B-8512-DAC9BDCCC656}.Release|Any CPU.Build.0 = Release|Any CPU
		{D2002DB3-0B5D-49BE-ABED-43C96E5A5AE6}.Debug|Any CPU.ActiveCfg = Debug|Any CPU
		{D2002DB3-0B5D-49BE-ABED-43C96E5A5AE6}.Debug|Any CPU.Build.0 = Debug|Any CPU
		{D2002DB3-0B5D-49BE-ABED-43C96E5A5AE6}.Release|Any CPU.ActiveCfg = Release|Any CPU
		{D2002DB3-0B5D-49BE-ABED-43C96E5A5AE6}.Release|Any CPU.Build.0 = Release|Any CPU
		{57A662A1-73F1-4D23-B50C-E55723687DAA}.Debug|Any CPU.ActiveCfg = Debug|Any CPU
		{57A662A1-73F1-4D23-B50C-E55723687DAA}.Debug|Any CPU.Build.0 = Debug|Any CPU
		{57A662A1-73F1-4D23-B50C-E55723687DAA}.Release|Any CPU.ActiveCfg = Release|Any CPU
		{57A662A1-73F1-4D23-B50C-E55723687DAA}.Release|Any CPU.Build.0 = Release|Any CPU
		{46AA3F4B-9DA2-4E8E-97AF-D240F0F71DFA}.Debug|Any CPU.ActiveCfg = Debug|Any CPU
		{46AA3F4B-9DA2-4E8E-97AF-D240F0F71DFA}.Debug|Any CPU.Build.0 = Debug|Any CPU
		{46AA3F4B-9DA2-4E8E-97AF-D240F0F71DFA}.Release|Any CPU.ActiveCfg = Release|Any CPU
		{46AA3F4B-9DA2-4E8E-97AF-D240F0F71DFA}.Release|Any CPU.Build.0 = Release|Any CPU
		{FD362F60-5B39-42D7-A2D1-78E66265C74A}.Debug|Any CPU.ActiveCfg = Debug|Any CPU
		{FD362F60-5B39-42D7-A2D1-78E66265C74A}.Debug|Any CPU.Build.0 = Debug|Any CPU
		{FD362F60-5B39-42D7-A2D1-78E66265C74A}.Release|Any CPU.ActiveCfg = Release|Any CPU
		{FD362F60-5B39-42D7-A2D1-78E66265C74A}.Release|Any CPU.Build.0 = Release|Any CPU
		{7475D38B-9B5A-4546-A7C0-072E2F4FCA92}.Debug|Any CPU.ActiveCfg = Debug|Any CPU
		{7475D38B-9B5A-4546-A7C0-072E2F4FCA92}.Debug|Any CPU.Build.0 = Debug|Any CPU
		{7475D38B-9B5A-4546-A7C0-072E2F4FCA92}.Release|Any CPU.ActiveCfg = Release|Any CPU
		{7475D38B-9B5A-4546-A7C0-072E2F4FCA92}.Release|Any CPU.Build.0 = Release|Any CPU
		{593C3D2A-0554-4260-9051-D0006E48046D}.Debug|Any CPU.ActiveCfg = Debug|Any CPU
		{593C3D2A-0554-4260-9051-D0006E48046D}.Debug|Any CPU.Build.0 = Debug|Any CPU
		{593C3D2A-0554-4260-9051-D0006E48046D}.Release|Any CPU.ActiveCfg = Release|Any CPU
		{593C3D2A-0554-4260-9051-D0006E48046D}.Release|Any CPU.Build.0 = Release|Any CPU
		{6C58507B-78E0-4FF4-A336-3DACC3234A1C}.Debug|Any CPU.ActiveCfg = Debug|Any CPU
		{6C58507B-78E0-4FF4-A336-3DACC3234A1C}.Debug|Any CPU.Build.0 = Debug|Any CPU
		{6C58507B-78E0-4FF4-A336-3DACC3234A1C}.Release|Any CPU.ActiveCfg = Release|Any CPU
		{6C58507B-78E0-4FF4-A336-3DACC3234A1C}.Release|Any CPU.Build.0 = Release|Any CPU
		{33641490-3A59-4F68-A7FE-B53F12DBAAA0}.Debug|Any CPU.ActiveCfg = Debug|Any CPU
		{33641490-3A59-4F68-A7FE-B53F12DBAAA0}.Debug|Any CPU.Build.0 = Debug|Any CPU
		{33641490-3A59-4F68-A7FE-B53F12DBAAA0}.Release|Any CPU.ActiveCfg = Release|Any CPU
		{33641490-3A59-4F68-A7FE-B53F12DBAAA0}.Release|Any CPU.Build.0 = Release|Any CPU
		{1FC06435-E880-421A-99EF-B61B37B75C14}.Debug|Any CPU.ActiveCfg = Debug|Any CPU
		{1FC06435-E880-421A-99EF-B61B37B75C14}.Debug|Any CPU.Build.0 = Debug|Any CPU
		{1FC06435-E880-421A-99EF-B61B37B75C14}.Release|Any CPU.ActiveCfg = Release|Any CPU
		{1FC06435-E880-421A-99EF-B61B37B75C14}.Release|Any CPU.Build.0 = Release|Any CPU
		{7BE2ED1C-88D2-4908-9802-40F0D451A1C7}.Debug|Any CPU.ActiveCfg = Debug|Any CPU
		{7BE2ED1C-88D2-4908-9802-40F0D451A1C7}.Debug|Any CPU.Build.0 = Debug|Any CPU
		{7BE2ED1C-88D2-4908-9802-40F0D451A1C7}.Release|Any CPU.ActiveCfg = Release|Any CPU
		{7BE2ED1C-88D2-4908-9802-40F0D451A1C7}.Release|Any CPU.Build.0 = Release|Any CPU
		{FFD0FF12-E77D-4727-9935-E1218C610F95}.Debug|Any CPU.ActiveCfg = Debug|Any CPU
		{FFD0FF12-E77D-4727-9935-E1218C610F95}.Debug|Any CPU.Build.0 = Debug|Any CPU
		{FFD0FF12-E77D-4727-9935-E1218C610F95}.Release|Any CPU.ActiveCfg = Release|Any CPU
		{FFD0FF12-E77D-4727-9935-E1218C610F95}.Release|Any CPU.Build.0 = Release|Any CPU
	EndGlobalSection
	GlobalSection(SolutionProperties) = preSolution
		HideSolutionNode = FALSE
	EndGlobalSection
	GlobalSection(NestedProjects) = preSolution
		{80779709-7B12-4C3B-8F13-735F9F6F1591} = {6D4690EC-9E0C-4C8A-86F9-B6E200DA2164}
		{44168816-EF01-4B69-B0CD-25B970C0BD4D} = {6D4690EC-9E0C-4C8A-86F9-B6E200DA2164}
		{044BE5E9-C290-46FB-AC56-4744C23C92F5} = {79A8CDB9-4AF7-49ED-9CE4-50A6199483A6}
		{95A16638-10BE-484D-BC91-8AE6BF97B6CA} = {2F3CC816-E07F-4001-A7FF-C30F2554D61A}
		{544F21F4-CC23-4182-8A4F-0CDC7C87EBE7} = {2F3CC816-E07F-4001-A7FF-C30F2554D61A}
		{CE570519-DE82-432D-B214-EC61CA96607E} = {79A8CDB9-4AF7-49ED-9CE4-50A6199483A6}
		{FEB8FBA2-AB6C-4C15-9111-8DB4A943F098} = {79A8CDB9-4AF7-49ED-9CE4-50A6199483A6}
		{48BE8536-0489-417B-B46D-6C25C5D103D6} = {CE570519-DE82-432D-B214-EC61CA96607E}
		{3C1B6313-4D61-471D-8555-F9C3B2AE4F90} = {FEB8FBA2-AB6C-4C15-9111-8DB4A943F098}
		{A26C7FA1-9963-44A4-BD46-ABCABB525EEE} = {FEB8FBA2-AB6C-4C15-9111-8DB4A943F098}
		{680D3C9B-87A5-4196-BBBE-54EE979B0B1F} = {4FB782AE-8815-4F88-B1AB-90A834E6D844}
		{87909CD9-79FB-4F7A-BD50-835AAF74EF51} = {78C10F40-1DC9-4FEE-9284-4995FC8BC3E1}
		{BFE8B867-A6AC-441F-87C8-23FADB229E48} = {78C10F40-1DC9-4FEE-9284-4995FC8BC3E1}
		{7AB981AB-4E3D-4A7B-933A-E54F2ABD6E20} = {FEB8FBA2-AB6C-4C15-9111-8DB4A943F098}
		{90CF1117-1F25-459B-8512-DAC9BDCCC656} = {78C10F40-1DC9-4FEE-9284-4995FC8BC3E1}
		{D2002DB3-0B5D-49BE-ABED-43C96E5A5AE6} = {FEB8FBA2-AB6C-4C15-9111-8DB4A943F098}
		{57A662A1-73F1-4D23-B50C-E55723687DAA} = {FEB8FBA2-AB6C-4C15-9111-8DB4A943F098}
		{46AA3F4B-9DA2-4E8E-97AF-D240F0F71DFA} = {FEB8FBA2-AB6C-4C15-9111-8DB4A943F098}
		{FD362F60-5B39-42D7-A2D1-78E66265C74A} = {CE570519-DE82-432D-B214-EC61CA96607E}
		{6D4690EC-9E0C-4C8A-86F9-B6E200DA2164} = {40EF516F-41D7-4D71-B4CE-4EED98913D61}
		{B09E388A-C542-458A-98B0-ABD768A5F8CB} = {40EF516F-41D7-4D71-B4CE-4EED98913D61}
		{4FB782AE-8815-4F88-B1AB-90A834E6D844} = {B14D149A-9EA1-480F-AD3B-9ABEF5BEAC86}
		{6D33C986-7AB3-47E1-B02D-08C4877C4E86} = {B14D149A-9EA1-480F-AD3B-9ABEF5BEAC86}
		{2F3CC816-E07F-4001-A7FF-C30F2554D61A} = {044BE5E9-C290-46FB-AC56-4744C23C92F5}
		{FCD365BE-80E3-4348-A22F-1138841D1AA0} = {044BE5E9-C290-46FB-AC56-4744C23C92F5}
		{7475D38B-9B5A-4546-A7C0-072E2F4FCA92} = {B09E388A-C542-458A-98B0-ABD768A5F8CB}
		{593C3D2A-0554-4260-9051-D0006E48046D} = {B09E388A-C542-458A-98B0-ABD768A5F8CB}
		{6C58507B-78E0-4FF4-A336-3DACC3234A1C} = {6D33C986-7AB3-47E1-B02D-08C4877C4E86}
		{33641490-3A59-4F68-A7FE-B53F12DBAAA0} = {FCD365BE-80E3-4348-A22F-1138841D1AA0}
		{1FC06435-E880-421A-99EF-B61B37B75C14} = {FCD365BE-80E3-4348-A22F-1138841D1AA0}
		{7BE2ED1C-88D2-4908-9802-40F0D451A1C7} = {EA994B2C-80E7-4BD4-B391-E7312D49536A}
		{FFD0FF12-E77D-4727-9935-E1218C610F95} = {B14D149A-9EA1-480F-AD3B-9ABEF5BEAC86}
	EndGlobalSection
	GlobalSection(ExtensibilityGlobals) = postSolution
		SolutionGuid = {818D0348-C42A-42F1-8DA9-9F881A997FB7}
	EndGlobalSection
EndGlobal
